
Microsoft Visual Studio Solution File, Format Version 12.00
# Visual Studio 2013
VisualStudioVersion = 12.0.21005.1
MinimumVisualStudioVersion = 10.0.40219.1
Project("{8BC9CEB8-8B4A-11D0-8D11-00A0C91BC942}") = "JZ15", "JZ15\JZ15.vcxproj", "{F395711D-3701-469C-8916-60178AE18DFE}"
EndProject
Global
	GlobalSection(SolutionConfigurationPlatforms) = preSolution
		Debug|Win32 = Debug|Win32
		Release|Win32 = Release|Win32
	EndGlobalSection
	GlobalSection(ProjectConfigurationPlatforms) = postSolution
		{F395711D-3701-469C-8916-60178AE18DFE}.Debug|Win32.ActiveCfg = Debug|Win32
		{F395711D-3701-469C-8916-60178AE18DFE}.Debug|Win32.Build.0 = Debug|Win32
		{F395711D-3701-469C-8916-60178AE18DFE}.Release|Win32.ActiveCfg = Release|Win32
		{F395711D-3701-469C-8916-60178AE18DFE}.Release|Win32.Build.0 = Release|Win32
	EndGlobalSection
	GlobalSection(SolutionProperties) = preSolution
		HideSolutionNode = FALSE
	EndGlobalSection
EndGlobal
